
Microsoft Visual Studio Solution File, Format Version 12.00
# Visual Studio Version 17
VisualStudioVersion = 17.8.0.0
MinimumVisualStudioVersion = 17.8.0.0
Project("{9A19103F-16F7-4668-BE54-9A1E7A4F7556}") = "AireTechTest.AppHost", "AireTechTest.AppHost\AireTechTest.AppHost.csproj", "{29299BF9-B503-4506-B1F0-A93D44C8D8DC}"
EndProject
Project("{9A19103F-16F7-4668-BE54-9A1E7A4F7556}") = "AireTechTest.Server", "AireTechTest.Server\AireTechTest.Server.csproj", "{BCCB6313-ABAC-4542-B6CF-791C49EED7F5}"
EndProject
Project("{FAE04EC0-301F-11D3-BF4B-00C04F79EFBC}") = "AireTechTest.Server.Tests", "AireTechTest.Server.Tests\AireTechTest.Server.Tests.csproj", "{E0D099C8-A2A0-4E0F-91F3-4013389960B4}"
EndProject
Project("{FAE04EC0-301F-11D3-BF4B-00C04F79EFBC}") = "AireTechTest.Server.IntegrationTests", "AireTechTest.Server.IntegrationTests\AireTechTest.Server.IntegrationTests.csproj", "{43EBCA56-441D-4E6D-B708-6B6722B02DDD}"
EndProject
Global
	GlobalSection(SolutionConfigurationPlatforms) = preSolution
		Debug|Any CPU = Debug|Any CPU
		Debug|x64 = Debug|x64
		Debug|x86 = Debug|x86
		Release|Any CPU = Release|Any CPU
		Release|x64 = Release|x64
		Release|x86 = Release|x86
	EndGlobalSection
	GlobalSection(ProjectConfigurationPlatforms) = postSolution
		{29299BF9-B503-4506-B1F0-A93D44C8D8DC}.Debug|Any CPU.ActiveCfg = Debug|Any CPU
		{29299BF9-B503-4506-B1F0-A93D44C8D8DC}.Debug|Any CPU.Build.0 = Debug|Any CPU
		{29299BF9-B503-4506-B1F0-A93D44C8D8DC}.Debug|x64.ActiveCfg = Debug|Any CPU
		{29299BF9-B503-4506-B1F0-A93D44C8D8DC}.Debug|x64.Build.0 = Debug|Any CPU
		{29299BF9-B503-4506-B1F0-A93D44C8D8DC}.Debug|x86.ActiveCfg = Debug|Any CPU
		{29299BF9-B503-4506-B1F0-A93D44C8D8DC}.Debug|x86.Build.0 = Debug|Any CPU
		{29299BF9-B503-4506-B1F0-A93D44C8D8DC}.Release|Any CPU.ActiveCfg = Release|Any CPU
		{29299BF9-B503-4506-B1F0-A93D44C8D8DC}.Release|Any CPU.Build.0 = Release|Any CPU
		{29299BF9-B503-4506-B1F0-A93D44C8D8DC}.Release|x64.ActiveCfg = Release|Any CPU
		{29299BF9-B503-4506-B1F0-A93D44C8D8DC}.Release|x64.Build.0 = Release|Any CPU
		{29299BF9-B503-4506-B1F0-A93D44C8D8DC}.Release|x86.ActiveCfg = Release|Any CPU
		{29299BF9-B503-4506-B1F0-A93D44C8D8DC}.Release|x86.Build.0 = Release|Any CPU
		{BCCB6313-ABAC-4542-B6CF-791C49EED7F5}.Debug|Any CPU.ActiveCfg = Debug|Any CPU
		{BCCB6313-ABAC-4542-B6CF-791C49EED7F5}.Debug|Any CPU.Build.0 = Debug|Any CPU
		{BCCB6313-ABAC-4542-B6CF-791C49EED7F5}.Debug|x64.ActiveCfg = Debug|Any CPU
		{BCCB6313-ABAC-4542-B6CF-791C49EED7F5}.Debug|x64.Build.0 = Debug|Any CPU
		{BCCB6313-ABAC-4542-B6CF-791C49EED7F5}.Debug|x86.ActiveCfg = Debug|Any CPU
		{BCCB6313-ABAC-4542-B6CF-791C49EED7F5}.Debug|x86.Build.0 = Debug|Any CPU
		{BCCB6313-ABAC-4542-B6CF-791C49EED7F5}.Release|Any CPU.ActiveCfg = Release|Any CPU
		{BCCB6313-ABAC-4542-B6CF-791C49EED7F5}.Release|Any CPU.Build.0 = Release|Any CPU
		{BCCB6313-ABAC-4542-B6CF-791C49EED7F5}.Release|x64.ActiveCfg = Release|Any CPU
		{BCCB6313-ABAC-4542-B6CF-791C49EED7F5}.Release|x64.Build.0 = Release|Any CPU
		{BCCB6313-ABAC-4542-B6CF-791C49EED7F5}.Release|x86.ActiveCfg = Release|Any CPU
		{BCCB6313-ABAC-4542-B6CF-791C49EED7F5}.Release|x86.Build.0 = Release|Any CPU
		{E0D099C8-A2A0-4E0F-91F3-4013389960B4}.Debug|Any CPU.ActiveCfg = Debug|Any CPU
		{E0D099C8-A2A0-4E0F-91F3-4013389960B4}.Debug|Any CPU.Build.0 = Debug|Any CPU
		{E0D099C8-A2A0-4E0F-91F3-4013389960B4}.Debug|x64.ActiveCfg = Debug|Any CPU
		{E0D099C8-A2A0-4E0F-91F3-4013389960B4}.Debug|x64.Build.0 = Debug|Any CPU
		{E0D099C8-A2A0-4E0F-91F3-4013389960B4}.Debug|x86.ActiveCfg = Debug|Any CPU
		{E0D099C8-A2A0-4E0F-91F3-4013389960B4}.Debug|x86.Build.0 = Debug|Any CPU
		{E0D099C8-A2A0-4E0F-91F3-4013389960B4}.Release|Any CPU.ActiveCfg = Release|Any CPU
		{E0D099C8-A2A0-4E0F-91F3-4013389960B4}.Release|Any CPU.Build.0 = Release|Any CPU
		{E0D099C8-A2A0-4E0F-91F3-4013389960B4}.Release|x64.ActiveCfg = Release|Any CPU
		{E0D099C8-A2A0-4E0F-91F3-4013389960B4}.Release|x64.Build.0 = Release|Any CPU
		{E0D099C8-A2A0-4E0F-91F3-4013389960B4}.Release|x86.ActiveCfg = Release|Any CPU
		{E0D099C8-A2A0-4E0F-91F3-4013389960B4}.Release|x86.Build.0 = Release|Any CPU
		{43EBCA56-441D-4E6D-B708-6B6722B02DDD}.Debug|Any CPU.ActiveCfg = Debug|Any CPU
		{43EBCA56-441D-4E6D-B708-6B6722B02DDD}.Debug|Any CPU.Build.0 = Debug|Any CPU
		{43EBCA56-441D-4E6D-B708-6B6722B02DDD}.Debug|x64.ActiveCfg = Debug|Any CPU
		{43EBCA56-441D-4E6D-B708-6B6722B02DDD}.Debug|x64.Build.0 = Debug|Any CPU
		{43EBCA56-441D-4E6D-B708-6B6722B02DDD}.Debug|x86.ActiveCfg = Debug|Any CPU
		{43EBCA56-441D-4E6D-B708-6B6722B02DDD}.Debug|x86.Build.0 = Debug|Any CPU
		{43EBCA56-441D-4E6D-B708-6B6722B02DDD}.Release|Any CPU.ActiveCfg = Release|Any CPU
		{43EBCA56-441D-4E6D-B708-6B6722B02DDD}.Release|Any CPU.Build.0 = Release|Any CPU
		{43EBCA56-441D-4E6D-B708-6B6722B02DDD}.Release|x64.ActiveCfg = Release|Any CPU
		{43EBCA56-441D-4E6D-B708-6B6722B02DDD}.Release|x64.Build.0 = Release|Any CPU
		{43EBCA56-441D-4E6D-B708-6B6722B02DDD}.Release|x86.ActiveCfg = Release|Any CPU
		{43EBCA56-441D-4E6D-B708-6B6722B02DDD}.Release|x86.Build.0 = Release|Any CPU
	EndGlobalSection
	GlobalSection(SolutionProperties) = preSolution
		HideSolutionNode = FALSE
	EndGlobalSection
	GlobalSection(ExtensibilityGlobals) = postSolution
		SolutionGuid = {9C97216A-B307-4B2A-AB96-1535BAAB443E}
	EndGlobalSection
EndGlobal
